
Microsoft Visual Studio Solution File, Format Version 12.00
# Visual Studio Version 17
VisualStudioVersion = 17.14.36623.8 d17.14
MinimumVisualStudioVersion = 10.0.40219.1
Project("{FAE04EC0-301F-11D3-BF4B-00C04F79EFBC}") = "DoAn_DotNet", "DoAn_DotNet\DoAn_DotNet.csproj", "{1BA0C93E-2219-44CB-A486-5ED26217D560}"
EndProject
Global
	GlobalSection(SolutionConfigurationPlatforms) = preSolution
		Debug|Any CPU = Debug|Any CPU
		Release|Any CPU = Release|Any CPU
	EndGlobalSection
	GlobalSection(ProjectConfigurationPlatforms) = postSolution
		{1BA0C93E-2219-44CB-A486-5ED26217D560}.Debug|Any CPU.ActiveCfg = Debug|Any CPU
		{1BA0C93E-2219-44CB-A486-5ED26217D560}.Debug|Any CPU.Build.0 = Debug|Any CPU
		{1BA0C93E-2219-44CB-A486-5ED26217D560}.Release|Any CPU.ActiveCfg = Release|Any CPU
		{1BA0C93E-2219-44CB-A486-5ED26217D560}.Release|Any CPU.Build.0 = Release|Any CPU
	EndGlobalSection
	GlobalSection(SolutionProperties) = preSolution
		HideSolutionNode = FALSE
	EndGlobalSection
	GlobalSection(ExtensibilityGlobals) = postSolution
		SolutionGuid = {F972B4E9-0C4A-4340-B29B-5B7E7F2711F9}
	EndGlobalSection
EndGlobal
